
Microsoft Visual Studio Solution File, Format Version 12.00
# Visual Studio 15
Project("{FAE04EC0-301F-11D3-BF4B-00C04F79EFBC}") = "ASR", "ASR.csproj", "{A438BCCF-F27B-418F-BE8A-BF36EE5460A6}"
EndProject
Global
	GlobalSection(SolutionConfigurationPlatforms) = preSolution
		Debug|Any CPU = Debug|Any CPU
		Release|Any CPU = Release|Any CPU
	EndGlobalSection
	GlobalSection(ProjectConfigurationPlatforms) = postSolution
		{A438BCCF-F27B-418F-BE8A-BF36EE5460A6}.Debug|Any CPU.ActiveCfg = Debug|Any CPU
		{A438BCCF-F27B-418F-BE8A-BF36EE5460A6}.Debug|Any CPU.Build.0 = Debug|Any CPU
		{A438BCCF-F27B-418F-BE8A-BF36EE5460A6}.Release|Any CPU.ActiveCfg = Release|Any CPU
		{A438BCCF-F27B-418F-BE8A-BF36EE5460A6}.Release|Any CPU.Build.0 = Release|Any CPU
	EndGlobalSection
EndGlobal
